
Microsoft Visual Studio Solution File, Format Version 12.00
# Visual Studio Version 17
VisualStudioVersion = 17.8.34330.188
MinimumVisualStudioVersion = 10.0.40219.1
Project("{FAE04EC0-301F-11D3-BF4B-00C04F79EFBC}") = "RomanToInteger", "RomanToInteger.csproj", "{0C282486-4EA4-4B75-A154-BA43E5BA718C}"
EndProject
Global
	GlobalSection(SolutionConfigurationPlatforms) = preSolution
		Debug|Any CPU = Debug|Any CPU
		Release|Any CPU = Release|Any CPU
	EndGlobalSection
	GlobalSection(ProjectConfigurationPlatforms) = postSolution
		{0C282486-4EA4-4B75-A154-BA43E5BA718C}.Debug|Any CPU.ActiveCfg = Debug|Any CPU
		{0C282486-4EA4-4B75-A154-BA43E5BA718C}.Debug|Any CPU.Build.0 = Debug|Any CPU
		{0C282486-4EA4-4B75-A154-BA43E5BA718C}.Release|Any CPU.ActiveCfg = Release|Any CPU
		{0C282486-4EA4-4B75-A154-BA43E5BA718C}.Release|Any CPU.Build.0 = Release|Any CPU
	EndGlobalSection
	GlobalSection(SolutionProperties) = preSolution
		HideSolutionNode = FALSE
	EndGlobalSection
	GlobalSection(ExtensibilityGlobals) = postSolution
		SolutionGuid = {B753580D-3B8B-4996-B2DD-76115DCC2B9D}
	EndGlobalSection
EndGlobal
