
Microsoft Visual Studio Solution File, Format Version 12.00
# Visual Studio Version 17
VisualStudioVersion = 17.8.34330.188
MinimumVisualStudioVersion = 10.0.40219.1
Project("{FAE04EC0-301F-11D3-BF4B-00C04F79EFBC}") = "MergeTwoSortedLists", "MergeTwoSortedLists.csproj", "{7C1CCD7C-0662-4AAD-868D-796D8E2765AB}"
EndProject
Global
	GlobalSection(SolutionConfigurationPlatforms) = preSolution
		Debug|Any CPU = Debug|Any CPU
		Release|Any CPU = Release|Any CPU
	EndGlobalSection
	GlobalSection(ProjectConfigurationPlatforms) = postSolution
		{7C1CCD7C-0662-4AAD-868D-796D8E2765AB}.Debug|Any CPU.ActiveCfg = Debug|Any CPU
		{7C1CCD7C-0662-4AAD-868D-796D8E2765AB}.Debug|Any CPU.Build.0 = Debug|Any CPU
		{7C1CCD7C-0662-4AAD-868D-796D8E2765AB}.Release|Any CPU.ActiveCfg = Release|Any CPU
		{7C1CCD7C-0662-4AAD-868D-796D8E2765AB}.Release|Any CPU.Build.0 = Release|Any CPU
	EndGlobalSection
	GlobalSection(SolutionProperties) = preSolution
		HideSolutionNode = FALSE
	EndGlobalSection
	GlobalSection(ExtensibilityGlobals) = postSolution
		SolutionGuid = {F1FF210D-78E9-4ABE-B118-3A92D785BD15}
	EndGlobalSection
EndGlobal
