
Microsoft Visual Studio Solution File, Format Version 12.00
# Visual Studio Version 17
VisualStudioVersion = 17.8.34330.188
MinimumVisualStudioVersion = 10.0.40219.1
Project("{FAE04EC0-301F-11D3-BF4B-00C04F79EFBC}") = "TwoSum", "TwoSum.csproj", "{9F7631B4-405D-4DFB-B6E8-26640237D043}"
EndProject
Global
	GlobalSection(SolutionConfigurationPlatforms) = preSolution
		Debug|Any CPU = Debug|Any CPU
		Release|Any CPU = Release|Any CPU
	EndGlobalSection
	GlobalSection(ProjectConfigurationPlatforms) = postSolution
		{9F7631B4-405D-4DFB-B6E8-26640237D043}.Debug|Any CPU.ActiveCfg = Debug|Any CPU
		{9F7631B4-405D-4DFB-B6E8-26640237D043}.Debug|Any CPU.Build.0 = Debug|Any CPU
		{9F7631B4-405D-4DFB-B6E8-26640237D043}.Release|Any CPU.ActiveCfg = Release|Any CPU
		{9F7631B4-405D-4DFB-B6E8-26640237D043}.Release|Any CPU.Build.0 = Release|Any CPU
	EndGlobalSection
	GlobalSection(SolutionProperties) = preSolution
		HideSolutionNode = FALSE
	EndGlobalSection
	GlobalSection(ExtensibilityGlobals) = postSolution
		SolutionGuid = {EBBA8CD3-A789-4B28-9731-0588CC470AF0}
	EndGlobalSection
EndGlobal
